<?xml version="1.0" encoding="utf-8"?>
<Project ToolsVersion="4.0" xmlns="http://schemas.microsoft.com/developer/msbuild/2003">
  <ItemGroup>
    <Filter Include="Source Files">
      <UniqueIdentifier>{4FC737F1-C7A5-4376-A066-2A32D752A2FF}</UniqueIdentifier>
      <Extensions>cpp;c;cc;cxx;c++;cppm;ixx;def;odl;idl;hpj;bat;asm;asmx</Extensions>
    </Filter>
    <Filter Include="Header Files">
      <UniqueIdentifier>{93995380-89BD-4b04-88EB-625FBE52EBFB}</UniqueIdentifier>
      <Extensions>h;hh;hpp;hxx;h++;hm;inl;inc;ipp;xsd</Extensions>
    </Filter>
    <Filter Include="Resource Files">
      <UniqueIdentifier>{67DA6AB6-F800-4c08-8B7A-83BB121AAD01}</UniqueIdentifier>
      <Extensions>rc;ico;cur;bmp;dlg;rc2;rct;bin;rgs;gif;jpg;jpeg;jpe;resx;tiff;tif;png;wav;mfcribbon-ms</Extensions>
    </Filter>
    <Filter Include="Source Files\Interpreter">
      <UniqueIdentifier>{ffbf8709-e449-4995-9ed3-d18d46830803}</UniqueIdentifier>
    </Filter>
    <Filter Include="Source Files\Utility">
      <UniqueIdentifier>{618e0a86-8821-49ad-8071-eb1a7c8b70b2}</UniqueIdentifier>
    </Filter>
    <Filter Include="Source Files\CLI">
      <UniqueIdentifier>{303558b4-98d9-4bb7-b2ba-81fac376f1fb}</UniqueIdentifier>
    </Filter>
    <Filter Include="Source Files\Interpreter\Lexer">
      <UniqueIdentifier>{87b89f68-2321-4521-8a39-24d7e8e74222}</UniqueIdentifier>
    </Filter>
    <Filter Include="Source Files\Source">
      <UniqueIdentifier>{9130e086-76df-403a-828f-83192e980d8b}</UniqueIdentifier>
    </Filter>
    <Filter Include="Source Files\Interpreter\Execute">
      <UniqueIdentifier>{1a664d93-6665-4431-89b8-505bceedcb73}</UniqueIdentifier>
    </Filter>
    <Filter Include="Source Files\Logging">
      <UniqueIdentifier>{007f7704-f91d-49dd-ab51-cc675b93135f}</UniqueIdentifier>
    </Filter>
    <Filter Include="Source Files\Interpreter\Expression">
      <UniqueIdentifier>{e419fd07-d67a-4eab-80e3-282a9ca84a27}</UniqueIdentifier>
    </Filter>
    <Filter Include="Source Files\Interpreter\Object">
      <UniqueIdentifier>{172e65dc-892f-42d1-a288-d7655bc8e543}</UniqueIdentifier>
    </Filter>
  </ItemGroup>
  <ItemGroup>
    <ClCompile Include="ral_main.c">
      <Filter>Source Files</Filter>
    </ClCompile>
    <ClCompile Include="ral_cli.c">
      <Filter>Source Files\CLI</Filter>
    </ClCompile>
    <ClCompile Include="ral_sourcekeys.c">
      <Filter>Source Files\Interpreter\Lexer</Filter>
    </ClCompile>
    <ClCompile Include="ral_token.c">
      <Filter>Source Files\Interpreter\Lexer</Filter>
    </ClCompile>
    <ClCompile Include="ral_lexer.c">
      <Filter>Source Files\Interpreter\Lexer</Filter>
    </ClCompile>
    <ClCompile Include="ral_sourceunit.c">
      <Filter>Source Files\Source</Filter>
    </ClCompile>
    <ClCompile Include="ral_statement.c">
      <Filter>Source Files\Interpreter\Lexer</Filter>
    </ClCompile>
    <ClCompile Include="ral_logging.c">
      <Filter>Source Files\Logging</Filter>
    </ClCompile>
    <ClCompile Include="ral_execute.c">
      <Filter>Source Files\Interpreter\Execute</Filter>
    </ClCompile>
    <ClCompile Include="ral_expression_read.c">
      <Filter>Source Files\Interpreter\Expression</Filter>
    </ClCompile>
    <ClCompile Include="ralu_file.c">
      <Filter>Source Files\Utility</Filter>
    </ClCompile>
    <ClCompile Include="ralu_list.c">
      <Filter>Source Files\Utility</Filter>
    </ClCompile>
    <ClCompile Include="ralu_memory.c">
      <Filter>Source Files\Utility</Filter>
    </ClCompile>
    <ClCompile Include="ralu_string.c">
      <Filter>Source Files\Utility</Filter>
    </ClCompile>
    <ClCompile Include="ral_function.c">
      <Filter>Source Files\Interpreter\Execute</Filter>
    </ClCompile>
    <ClCompile Include="ral_expression_eval.c">
      <Filter>Source Files\Interpreter\Expression</Filter>
    </ClCompile>
    <ClCompile Include="ral_object.c">
      <Filter>Source Files\Interpreter\Object</Filter>
    </ClCompile>
    <ClCompile Include="ral_object_types.c">
      <Filter>Source Files\Interpreter\Object</Filter>
    </ClCompile>
    <ClCompile Include="ral_object_arithmetic.c">
      <Filter>Source Files\Interpreter\Object</Filter>
    </ClCompile>
    <ClCompile Include="ral_object_variable.c">
      <Filter>Source Files\Interpreter\Object</Filter>
    </ClCompile>
  </ItemGroup>
  <ItemGroup>
    <ClInclude Include="ral_cli.h">
      <Filter>Source Files\CLI</Filter>
    </ClInclude>
    <ClInclude Include="ral_lexer.h">
      <Filter>Source Files\Interpreter\Lexer</Filter>
    </ClInclude>
    <ClInclude Include="ral_sourceunit.h">
      <Filter>Source Files\Source</Filter>
    </ClInclude>
    <ClInclude Include="ral_logging.h">
      <Filter>Source Files\Logging</Filter>
    </ClInclude>
    <ClInclude Include="ral_execute.h">
      <Filter>Source Files\Interpreter\Execute</Filter>
    </ClInclude>
    <ClInclude Include="ral_expression.h">
      <Filter>Source Files\Interpreter\Expression</Filter>
    </ClInclude>
    <ClInclude Include="ral_object.h">
      <Filter>Source Files\Interpreter\Object</Filter>
    </ClInclude>
    <ClInclude Include="ralu_file.h">
      <Filter>Source Files\Utility</Filter>
    </ClInclude>
    <ClInclude Include="ralu_list.h">
      <Filter>Source Files\Utility</Filter>
    </ClInclude>
    <ClInclude Include="ralu_memory.h">
      <Filter>Source Files\Utility</Filter>
    </ClInclude>
    <ClInclude Include="ralu_stdinclude.h">
      <Filter>Source Files\Utility</Filter>
    </ClInclude>
    <ClInclude Include="ralu_string.h">
      <Filter>Source Files\Utility</Filter>
    </ClInclude>
    <ClInclude Include="ral_function.h">
      <Filter>Source Files\Interpreter\Execute</Filter>
    </ClInclude>
  </ItemGroup>
  <ItemGroup>
    <None Include="test.ral">
      <Filter>Source Files</Filter>
    </None>
  </ItemGroup>
  <ItemGroup>
    <Text Include="planning_expression_thang.txt">
      <Filter>Source Files\Interpreter\Expression</Filter>
    </Text>
    <Text Include="testsyntax.txt">
      <Filter>Source Files\Interpreter\Lexer</Filter>
    </Text>
  </ItemGroup>
</Project>